
Microsoft Visual Studio Solution File, Format Version 12.00
# Visual Studio Version 17
VisualStudioVersion = 17.11.35303.130
MinimumVisualStudioVersion = 10.0.40219.1
Project("{FAE04EC0-301F-11D3-BF4B-00C04F79EFBC}") = "lab15_1", "lab15_1\lab15_1.csproj", "{74BF1A7D-4275-4F14-A89A-55C5A0F1E6AF}"
EndProject
Project("{FAE04EC0-301F-11D3-BF4B-00C04F79EFBC}") = "lab15_2", "lab15_2\lab15_2.csproj", "{49882A91-608C-4502-B034-7346004EE386}"
EndProject
Project("{FAE04EC0-301F-11D3-BF4B-00C04F79EFBC}") = "lab15_3", "lab15_3\lab15_3.csproj", "{728D3C47-3147-4340-9B00-85240CCCCE88}"
EndProject
Global
	GlobalSection(SolutionConfigurationPlatforms) = preSolution
		Debug|Any CPU = Debug|Any CPU
		Release|Any CPU = Release|Any CPU
	EndGlobalSection
	GlobalSection(ProjectConfigurationPlatforms) = postSolution
		{74BF1A7D-4275-4F14-A89A-55C5A0F1E6AF}.Debug|Any CPU.ActiveCfg = Debug|Any CPU
		{74BF1A7D-4275-4F14-A89A-55C5A0F1E6AF}.Debug|Any CPU.Build.0 = Debug|Any CPU
		{74BF1A7D-4275-4F14-A89A-55C5A0F1E6AF}.Release|Any CPU.ActiveCfg = Release|Any CPU
		{74BF1A7D-4275-4F14-A89A-55C5A0F1E6AF}.Release|Any CPU.Build.0 = Release|Any CPU
		{49882A91-608C-4502-B034-7346004EE386}.Debug|Any CPU.ActiveCfg = Debug|Any CPU
		{49882A91-608C-4502-B034-7346004EE386}.Debug|Any CPU.Build.0 = Debug|Any CPU
		{49882A91-608C-4502-B034-7346004EE386}.Release|Any CPU.ActiveCfg = Release|Any CPU
		{49882A91-608C-4502-B034-7346004EE386}.Release|Any CPU.Build.0 = Release|Any CPU
		{728D3C47-3147-4340-9B00-85240CCCCE88}.Debug|Any CPU.ActiveCfg = Debug|Any CPU
		{728D3C47-3147-4340-9B00-85240CCCCE88}.Debug|Any CPU.Build.0 = Debug|Any CPU
		{728D3C47-3147-4340-9B00-85240CCCCE88}.Release|Any CPU.ActiveCfg = Release|Any CPU
		{728D3C47-3147-4340-9B00-85240CCCCE88}.Release|Any CPU.Build.0 = Release|Any CPU
	EndGlobalSection
	GlobalSection(SolutionProperties) = preSolution
		HideSolutionNode = FALSE
	EndGlobalSection
	GlobalSection(ExtensibilityGlobals) = postSolution
		SolutionGuid = {5F4FFD50-F2FF-4258-A3AE-0B8715C1D493}
	EndGlobalSection
EndGlobal
